// !$*UTF8*$!
{
	archiveVersion = 1;
	classes = {
	};
	objectVersion = 56;
	objects = {

/* Begin PBXBuildFile section */
		090A45AF2B0F3B54002ABD1A /* GraphView.swift in Sources */ = {isa = PBXBuildFile; fileRef = 090A45AE2B0F3B54002ABD1A /* GraphView.swift */; };
		0972BE462B0C69C7002A3C87 /* ANZIPApp.swift in Sources */ = {isa = PBXBuildFile; fileRef = 0972BE452B0C69C7002A3C87 /* ANZIPApp.swift */; };
		0972BE482B0C69C7002A3C87 /* ContentView.swift in Sources */ = {isa = PBXBuildFile; fileRef = 0972BE472B0C69C7002A3C87 /* ContentView.swift */; };
		0972BE4A2B0C69C9002A3C87 /* Assets.xcassets in Resources */ = {isa = PBXBuildFile; fileRef = 0972BE492B0C69C9002A3C87 /* Assets.xcassets */; };
		0972BE4D2B0C69C9002A3C87 /* Preview Assets.xcassets in Resources */ = {isa = PBXBuildFile; fileRef = 0972BE4C2B0C69C9002A3C87 /* Preview Assets.xcassets */; };
		0972BE572B0C6B4F002A3C87 /* EntryPage.swift in Sources */ = {isa = PBXBuildFile; fileRef = 0972BE562B0C6B4F002A3C87 /* EntryPage.swift */; };
		0972BE592B0C6B58002A3C87 /* InputPage.swift in Sources */ = {isa = PBXBuildFile; fileRef = 0972BE582B0C6B58002A3C87 /* InputPage.swift */; };
		0972BE5B2B0C6B5F002A3C87 /* OutputPage.swift in Sources */ = {isa = PBXBuildFile; fileRef = 0972BE5A2B0C6B5F002A3C87 /* OutputPage.swift */; };
		0972BE5D2B0C6B66002A3C87 /* CollectModal.swift in Sources */ = {isa = PBXBuildFile; fileRef = 0972BE5C2B0C6B66002A3C87 /* CollectModal.swift */; };
		0972BE5F2B0C86ED002A3C87 /* OldGraphView.swift in Sources */ = {isa = PBXBuildFile; fileRef = 0972BE5E2B0C86ED002A3C87 /* OldGraphView.swift */; };
		0972BE612B0DF2B1002A3C87 /* Info.swift in Sources */ = {isa = PBXBuildFile; fileRef = 0972BE602B0DF2B1002A3C87 /* Info.swift */; };
		0972BE632B0DF2B9002A3C87 /* Review.swift in Sources */ = {isa = PBXBuildFile; fileRef = 0972BE622B0DF2B9002A3C87 /* Review.swift */; };
		0972BE672B0F1AEB002A3C87 /* CustomProgressView.swift in Sources */ = {isa = PBXBuildFile; fileRef = 0972BE662B0F1AEB002A3C87 /* CustomProgressView.swift */; };
/* End PBXBuildFile section */

/* Begin PBXFileReference section */
		090A45AE2B0F3B54002ABD1A /* GraphView.swift */ = {isa = PBXFileReference; lastKnownFileType = sourcecode.swift; path = GraphView.swift; sourceTree = "<group>"; };
		0972BE422B0C69C7002A3C87 /* ANZIP.app */ = {isa = PBXFileReference; explicitFileType = wrapper.application; includeInIndex = 0; path = ANZIP.app; sourceTree = BUILT_PRODUCTS_DIR; };
		0972BE452B0C69C7002A3C87 /* ANZIPApp.swift */ = {isa = PBXFileReference; lastKnownFileType = sourcecode.swift; path = ANZIPApp.swift; sourceTree = "<group>"; };
		0972BE472B0C69C7002A3C87 /* ContentView.swift */ = {isa = PBXFileReference; lastKnownFileType = sourcecode.swift; path = ContentView.swift; sourceTree = "<group>"; };
		0972BE492B0C69C9002A3C87 /* Assets.xcassets */ = {isa = PBXFileReference; lastKnownFileType = folder.assetcatalog; path = Assets.xcassets; sourceTree = "<group>"; };
		0972BE4C2B0C69C9002A3C87 /* Preview Assets.xcassets */ = {isa = PBXFileReference; lastKnownFileType = folder.assetcatalog; path = "Preview Assets.xcassets"; sourceTree = "<group>"; };
		0972BE562B0C6B4F002A3C87 /* EntryPage.swift */ = {isa = PBXFileReference; lastKnownFileType = sourcecode.swift; path = EntryPage.swift; sourceTree = "<group>"; };
		0972BE582B0C6B58002A3C87 /* InputPage.swift */ = {isa = PBXFileReference; lastKnownFileType = sourcecode.swift; path = InputPage.swift; sourceTree = "<group>"; };
		0972BE5A2B0C6B5F002A3C87 /* OutputPage.swift */ = {isa = PBXFileReference; lastKnownFileType = sourcecode.swift; path = OutputPage.swift; sourceTree = "<group>"; };
		0972BE5C2B0C6B66002A3C87 /* CollectModal.swift */ = {isa = PBXFileReference; lastKnownFileType = sourcecode.swift; path = CollectModal.swift; sourceTree = "<group>"; };
		0972BE5E2B0C86ED002A3C87 /* OldGraphView.swift */ = {isa = PBXFileReference; lastKnownFileType = sourcecode.swift; path = OldGraphView.swift; sourceTree = "<group>"; };
		0972BE602B0DF2B1002A3C87 /* Info.swift */ = {isa = PBXFileReference; lastKnownFileType = sourcecode.swift; path = Info.swift; sourceTree = "<group>"; };
		0972BE622B0DF2B9002A3C87 /* Review.swift */ = {isa = PBXFileReference; lastKnownFileType = sourcecode.swift; path = Review.swift; sourceTree = "<group>"; };
		0972BE662B0F1AEB002A3C87 /* CustomProgressView.swift */ = {isa = PBXFileReference; lastKnownFileType = sourcecode.swift; path = CustomProgressView.swift; sourceTree = "<group>"; };
/* End PBXFileReference section */

/* Begin PBXFrameworksBuildPhase section */
		0972BE3F2B0C69C7002A3C87 /* Frameworks */ = {
			isa = PBXFrameworksBuildPhase;
			buildActionMask = 2147483647;
			files = (
			);
			runOnlyForDeploymentPostprocessing = 0;
		};
/* End PBXFrameworksBuildPhase section */

/* Begin PBXGroup section */
		0972BE392B0C69C7002A3C87 = {
			isa = PBXGroup;
			children = (
				0972BE442B0C69C7002A3C87 /* ANZIP */,
				0972BE432B0C69C7002A3C87 /* Products */,
			);
			sourceTree = "<group>";
		};
		0972BE432B0C69C7002A3C87 /* Products */ = {
			isa = PBXGroup;
			children = (
				0972BE422B0C69C7002A3C87 /* ANZIP.app */,
			);
			name = Products;
			sourceTree = "<group>";
		};
		0972BE442B0C69C7002A3C87 /* ANZIP */ = {
			isa = PBXGroup;
			children = (
				0972BE452B0C69C7002A3C87 /* ANZIPApp.swift */,
				0972BE492B0C69C9002A3C87 /* Assets.xcassets */,
				0972BE552B0C69FA002A3C87 /* Utils */,
				0972BE532B0C69ED002A3C87 /* Model */,
				0972BE542B0C69F5002A3C87 /* View */,
				0972BE4B2B0C69C9002A3C87 /* Preview Content */,
			);
			path = ANZIP;
			sourceTree = "<group>";
		};
		0972BE4B2B0C69C9002A3C87 /* Preview Content */ = {
			isa = PBXGroup;
			children = (
				0972BE4C2B0C69C9002A3C87 /* Preview Assets.xcassets */,
			);
			path = "Preview Content";
			sourceTree = "<group>";
		};
		0972BE532B0C69ED002A3C87 /* Model */ = {
			isa = PBXGroup;
			children = (
				0972BE602B0DF2B1002A3C87 /* Info.swift */,
				0972BE622B0DF2B9002A3C87 /* Review.swift */,
			);
			path = Model;
			sourceTree = "<group>";
		};
		0972BE542B0C69F5002A3C87 /* View */ = {
			isa = PBXGroup;
			children = (
				0972BE472B0C69C7002A3C87 /* ContentView.swift */,
				0972BE562B0C6B4F002A3C87 /* EntryPage.swift */,
				0972BE582B0C6B58002A3C87 /* InputPage.swift */,
				0972BE662B0F1AEB002A3C87 /* CustomProgressView.swift */,
				0972BE5A2B0C6B5F002A3C87 /* OutputPage.swift */,
				090A45AE2B0F3B54002ABD1A /* GraphView.swift */,
				0972BE5C2B0C6B66002A3C87 /* CollectModal.swift */,
				0972BE5E2B0C86ED002A3C87 /* OldGraphView.swift */,
			);
			path = View;
			sourceTree = "<group>";
		};
		0972BE552B0C69FA002A3C87 /* Utils */ = {
			isa = PBXGroup;
			children = (
			);
			path = Utils;
			sourceTree = "<group>";
		};
/* End PBXGroup section */

/* Begin PBXNativeTarget section */
		0972BE412B0C69C7002A3C87 /* ANZIP */ = {
			isa = PBXNativeTarget;
			buildConfigurationList = 0972BE502B0C69C9002A3C87 /* Build configuration list for PBXNativeTarget "ANZIP" */;
			buildPhases = (
				0972BE3E2B0C69C7002A3C87 /* Sources */,
				0972BE3F2B0C69C7002A3C87 /* Frameworks */,
				0972BE402B0C69C7002A3C87 /* Resources */,
			);
			buildRules = (
			);
			dependencies = (
			);
			name = ANZIP;
			productName = ANZIP;
			productReference = 0972BE422B0C69C7002A3C87 /* ANZIP.app */;
			productType = "com.apple.product-type.application";
		};
/* End PBXNativeTarget section */

/* Begin PBXProject section */
		0972BE3A2B0C69C7002A3C87 /* Project object */ = {
			isa = PBXProject;
			attributes = {
				BuildIndependentTargetsInParallel = 1;
				LastSwiftUpdateCheck = 1500;
				LastUpgradeCheck = 1500;
				TargetAttributes = {
					0972BE412B0C69C7002A3C87 = {
						CreatedOnToolsVersion = 15.0.1;
					};
				};
			};
			buildConfigurationList = 0972BE3D2B0C69C7002A3C87 /* Build configuration list for PBXProject "ANZIP" */;
			compatibilityVersion = "Xcode 14.0";
			developmentRegion = en;
			hasScannedForEncodings = 0;
			knownRegions = (
				en,
				Base,
			);
			mainGroup = 0972BE392B0C69C7002A3C87;
			productRefGroup = 0972BE432B0C69C7002A3C87 /* Products */;
			projectDirPath = "";
			projectRoot = "";
			targets = (
				0972BE412B0C69C7002A3C87 /* ANZIP */,
			);
		};
/* End PBXProject section */

/* Begin PBXResourcesBuildPhase section */
		0972BE402B0C69C7002A3C87 /* Resources */ = {
			isa = PBXResourcesBuildPhase;
			buildActionMask = 2147483647;
			files = (
				0972BE4D2B0C69C9002A3C87 /* Preview Assets.xcassets in Resources */,
				0972BE4A2B0C69C9002A3C87 /* Assets.xcassets in Resources */,
			);
			runOnlyForDeploymentPostprocessing = 0;
		};
/* End PBXResourcesBuildPhase section */

/* Begin PBXSourcesBuildPhase section */
		0972BE3E2B0C69C7002A3C87 /* Sources */ = {
			isa = PBXSourcesBuildPhase;
			buildActionMask = 2147483647;
			files = (
				0972BE5B2B0C6B5F002A3C87 /* OutputPage.swift in Sources */,
				0972BE612B0DF2B1002A3C87 /* Info.swift in Sources */,
				0972BE632B0DF2B9002A3C87 /* Review.swift in Sources */,
				0972BE5D2B0C6B66002A3C87 /* CollectModal.swift in Sources */,
				0972BE672B0F1AEB002A3C87 /* CustomProgressView.swift in Sources */,
				0972BE5F2B0C86ED002A3C87 /* OldGraphView.swift in Sources */,
				0972BE572B0C6B4F002A3C87 /* EntryPage.swift in Sources */,
				090A45AF2B0F3B54002ABD1A /* GraphView.swift in Sources */,
				0972BE482B0C69C7002A3C87 /* ContentView.swift in Sources */,
				0972BE462B0C69C7002A3C87 /* ANZIPApp.swift in Sources */,
				0972BE592B0C6B58002A3C87 /* InputPage.swift in Sources */,
			);
			runOnlyForDeploymentPostprocessing = 0;
		};
/* End PBXSourcesBuildPhase section */

/* Begin XCBuildConfiguration section */
		0972BE4E2B0C69C9002A3C87 /* Debug */ = {
			isa = XCBuildConfiguration;
			buildSettings = {
				ALWAYS_SEARCH_USER_PATHS = NO;
				ASSETCATALOG_COMPILER_GENERATE_SWIFT_ASSET_SYMBOL_EXTENSIONS = YES;
				CLANG_ANALYZER_NONNULL = YES;
				CLANG_ANALYZER_NUMBER_OBJECT_CONVERSION = YES_AGGRESSIVE;
				CLANG_CXX_LANGUAGE_STANDARD = "gnu++20";
				CLANG_ENABLE_MODULES = YES;
				CLANG_ENABLE_OBJC_ARC = YES;
				CLANG_ENABLE_OBJC_WEAK = YES;
				CLANG_WARN_BLOCK_CAPTURE_AUTORELEASING = YES;
				CLANG_WARN_BOOL_CONVERSION = YES;
				CLANG_WARN_COMMA = YES;
				CLANG_WARN_CONSTANT_CONVERSION = YES;
				CLANG_WARN_DEPRECATED_OBJC_IMPLEMENTATIONS = YES;
				CLANG_WARN_DIRECT_OBJC_ISA_USAGE = YES_ERROR;
				CLANG_WARN_DOCUMENTATION_COMMENTS = YES;
				CLANG_WARN_EMPTY_BODY = YES;
				CLANG_WARN_ENUM_CONVERSION = YES;
				CLANG_WARN_INFINITE_RECURSION = YES;
				CLANG_WARN_INT_CONVERSION = YES;
				CLANG_WARN_NON_LITERAL_NULL_CONVERSION = YES;
				CLANG_WARN_OBJC_IMPLICIT_RETAIN_SELF = YES;
				CLANG_WARN_OBJC_LITERAL_CONVERSION = YES;
				CLANG_WARN_OBJC_ROOT_CLASS = YES_ERROR;
				CLANG_WARN_QUOTED_INCLUDE_IN_FRAMEWORK_HEADER = YES;
				CLANG_WARN_RANGE_LOOP_ANALYSIS = YES;
				CLANG_WARN_STRICT_PROTOTYPES = YES;
				CLANG_WARN_SUSPICIOUS_MOVE = YES;
				CLANG_WARN_UNGUARDED_AVAILABILITY = YES_AGGRESSIVE;
				CLANG_WARN_UNREACHABLE_CODE = YES;
				CLANG_WARN__DUPLICATE_METHOD_MATCH = YES;
				COPY_PHASE_STRIP = NO;
				DEBUG_INFORMATION_FORMAT = dwarf;
				ENABLE_STRICT_OBJC_MSGSEND = YES;
				ENABLE_TESTABILITY = YES;
				ENABLE_USER_SCRIPT_SANDBOXING = YES;
				GCC_C_LANGUAGE_STANDARD = gnu17;
				GCC_DYNAMIC_NO_PIC = NO;
				GCC_NO_COMMON_BLOCKS = YES;
				GCC_OPTIMIZATION_LEVEL = 0;
				GCC_PREPROCESSOR_DEFINITIONS = (
					"DEBUG=1",
					"$(inherited)",
				);
				GCC_WARN_64_TO_32_BIT_CONVERSION = YES;
				GCC_WARN_ABOUT_RETURN_TYPE = YES_ERROR;
				GCC_WARN_UNDECLARED_SELECTOR = YES;
				GCC_WARN_UNINITIALIZED_AUTOS = YES_AGGRESSIVE;
				GCC_WARN_UNUSED_FUNCTION = YES;
				GCC_WARN_UNUSED_VARIABLE = YES;
				IPHONEOS_DEPLOYMENT_TARGET = 17.0;
				LOCALIZATION_PREFERS_STRING_CATALOGS = YES;
				MTL_ENABLE_DEBUG_INFO = INCLUDE_SOURCE;
				MTL_FAST_MATH = YES;
				ONLY_ACTIVE_ARCH = YES;
				SDKROOT = iphoneos;
				SWIFT_ACTIVE_COMPILATION_CONDITIONS = "DEBUG $(inherited)";
				SWIFT_OPTIMIZATION_LEVEL = "-Onone";
			};
			name = Debug;
		};
		0972BE4F2B0C69C9002A3C87 /* Release */ = {
			isa = XCBuildConfiguration;
			buildSettings = {
				ALWAYS_SEARCH_USER_PATHS = NO;
				ASSETCATALOG_COMPILER_GENERATE_SWIFT_ASSET_SYMBOL_EXTENSIONS = YES;
				CLANG_ANALYZER_NONNULL = YES;
				CLANG_ANALYZER_NUMBER_OBJECT_CONVERSION = YES_AGGRESSIVE;
				CLANG_CXX_LANGUAGE_STANDARD = "gnu++20";
				CLANG_ENABLE_MODULES = YES;
				CLANG_ENABLE_OBJC_ARC = YES;
				CLANG_ENABLE_OBJC_WEAK = YES;
				CLANG_WARN_BLOCK_CAPTURE_AUTORELEASING = YES;
				CLANG_WARN_BOOL_CONVERSION = YES;
				CLANG_WARN_COMMA = YES;
				CLANG_WARN_CONSTANT_CONVERSION = YES;
				CLANG_WARN_DEPRECATED_OBJC_IMPLEMENTATIONS = YES;
				CLANG_WARN_DIRECT_OBJC_ISA_USAGE = YES_ERROR;
				CLANG_WARN_DOCUMENTATION_COMMENTS = YES;
				CLANG_WARN_EMPTY_BODY = YES;
				CLANG_WARN_ENUM_CONVERSION = YES;
				CLANG_WARN_INFINITE_RECURSION = YES;
				CLANG_WARN_INT_CONVERSION = YES;
				CLANG_WARN_NON_LITERAL_NULL_CONVERSION = YES;
				CLANG_WARN_OBJC_IMPLICIT_RETAIN_SELF = YES;
				CLANG_WARN_OBJC_LITERAL_CONVERSION = YES;
				CLANG_WARN_OBJC_ROOT_CLASS = YES_ERROR;
				CLANG_WARN_QUOTED_INCLUDE_IN_FRAMEWORK_HEADER = YES;
				CLANG_WARN_RANGE_LOOP_ANALYSIS = YES;
				CLANG_WARN_STRICT_PROTOTYPES = YES;
				CLANG_WARN_SUSPICIOUS_MOVE = YES;
				CLANG_WARN_UNGUARDED_AVAILABILITY = YES_AGGRESSIVE;
				CLANG_WARN_UNREACHABLE_CODE = YES;
				CLANG_WARN__DUPLICATE_METHOD_MATCH = YES;
				COPY_PHASE_STRIP = NO;
				DEBUG_INFORMATION_FORMAT = "dwarf-with-dsym";
				ENABLE_NS_ASSERTIONS = NO;
				ENABLE_STRICT_OBJC_MSGSEND = YES;
				ENABLE_USER_SCRIPT_SANDBOXING = YES;
				GCC_C_LANGUAGE_STANDARD = gnu17;
				GCC_NO_COMMON_BLOCKS = YES;
				GCC_WARN_64_TO_32_BIT_CONVERSION = YES;
				GCC_WARN_ABOUT_RETURN_TYPE = YES_ERROR;
				GCC_WARN_UNDECLARED_SELECTOR = YES;
				GCC_WARN_UNINITIALIZED_AUTOS = YES_AGGRESSIVE;
				GCC_WARN_UNUSED_FUNCTION = YES;
				GCC_WARN_UNUSED_VARIABLE = YES;
				IPHONEOS_DEPLOYMENT_TARGET = 17.0;
				LOCALIZATION_PREFERS_STRING_CATALOGS = YES;
				MTL_ENABLE_DEBUG_INFO = NO;
				MTL_FAST_MATH = YES;
				SDKROOT = iphoneos;
				SWIFT_COMPILATION_MODE = wholemodule;
				VALIDATE_PRODUCT = YES;
			};
			name = Release;
		};
		0972BE512B0C69C9002A3C87 /* Debug */ = {
			isa = XCBuildConfiguration;
			buildSettings = {
				ASSETCATALOG_COMPILER_APPICON_NAME = AppIcon;
				ASSETCATALOG_COMPILER_GLOBAL_ACCENT_COLOR_NAME = AccentColor;
				CODE_SIGN_STYLE = Automatic;
				CURRENT_PROJECT_VERSION = 1;
				DEVELOPMENT_ASSET_PATHS = "\"ANZIP/Preview Content\"";
				DEVELOPMENT_TEAM = 53DAD6BN6X;
				ENABLE_PREVIEWS = YES;
				GENERATE_INFOPLIST_FILE = YES;
				INFOPLIST_KEY_UIApplicationSceneManifest_Generation = YES;
				INFOPLIST_KEY_UIApplicationSupportsIndirectInputEvents = YES;
				INFOPLIST_KEY_UILaunchScreen_Generation = YES;
				INFOPLIST_KEY_UISupportedInterfaceOrientations_iPad = "UIInterfaceOrientationPortrait UIInterfaceOrientationPortraitUpsideDown UIInterfaceOrientationLandscapeLeft UIInterfaceOrientationLandscapeRight";
				INFOPLIST_KEY_UISupportedInterfaceOrientations_iPhone = "UIInterfaceOrientationPortrait UIInterfaceOrientationLandscapeLeft UIInterfaceOrientationLandscapeRight";
				LD_RUNPATH_SEARCH_PATHS = (
					"$(inherited)",
					"@executable_path/Frameworks",
				);
				MARKETING_VERSION = 1.0;
				PRODUCT_BUNDLE_IDENTIFIER = com.eelijus.sujileelea.ANZIP;
				PRODUCT_NAME = "$(TARGET_NAME)";
				SWIFT_EMIT_LOC_STRINGS = YES;
				SWIFT_VERSION = 5.0;
				TARGETED_DEVICE_FAMILY = "1,2";
			};
			name = Debug;
		};
		0972BE522B0C69C9002A3C87 /* Release */ = {
			isa = XCBuildConfiguration;
			buildSettings = {
				ASSETCATALOG_COMPILER_APPICON_NAME = AppIcon;
				ASSETCATALOG_COMPILER_GLOBAL_ACCENT_COLOR_NAME = AccentColor;
				CODE_SIGN_STYLE = Automatic;
				CURRENT_PROJECT_VERSION = 1;
				DEVELOPMENT_ASSET_PATHS = "\"ANZIP/Preview Content\"";
				DEVELOPMENT_TEAM = 53DAD6BN6X;
				ENABLE_PREVIEWS = YES;
				GENERATE_INFOPLIST_FILE = YES;
				INFOPLIST_KEY_UIApplicationSceneManifest_Generation = YES;
				INFOPLIST_KEY_UIApplicationSupportsIndirectInputEvents = YES;
				INFOPLIST_KEY_UILaunchScreen_Generation = YES;
				INFOPLIST_KEY_UISupportedInterfaceOrientations_iPad = "UIInterfaceOrientationPortrait UIInterfaceOrientationPortraitUpsideDown UIInterfaceOrientationLandscapeLeft UIInterfaceOrientationLandscapeRight";
				INFOPLIST_KEY_UISupportedInterfaceOrientations_iPhone = "UIInterfaceOrientationPortrait UIInterfaceOrientationLandscapeLeft UIInterfaceOrientationLandscapeRight";
				LD_RUNPATH_SEARCH_PATHS = (
					"$(inherited)",
					"@executable_path/Frameworks",
				);
				MARKETING_VERSION = 1.0;
				PRODUCT_BUNDLE_IDENTIFIER = com.eelijus.sujileelea.ANZIP;
				PRODUCT_NAME = "$(TARGET_NAME)";
				SWIFT_EMIT_LOC_STRINGS = YES;
				SWIFT_VERSION = 5.0;
				TARGETED_DEVICE_FAMILY = "1,2";
			};
			name = Release;
		};
/* End XCBuildConfiguration section */

/* Begin XCConfigurationList section */
		0972BE3D2B0C69C7002A3C87 /* Build configuration list for PBXProject "ANZIP" */ = {
			isa = XCConfigurationList;
			buildConfigurations = (
				0972BE4E2B0C69C9002A3C87 /* Debug */,
				0972BE4F2B0C69C9002A3C87 /* Release */,
			);
			defaultConfigurationIsVisible = 0;
			defaultConfigurationName = Release;
		};
		0972BE502B0C69C9002A3C87 /* Build configuration list for PBXNativeTarget "ANZIP" */ = {
			isa = XCConfigurationList;
			buildConfigurations = (
				0972BE512B0C69C9002A3C87 /* Debug */,
				0972BE522B0C69C9002A3C87 /* Release */,
			);
			defaultConfigurationIsVisible = 0;
			defaultConfigurationName = Release;
		};
/* End XCConfigurationList section */
	};
	rootObject = 0972BE3A2B0C69C7002A3C87 /* Project object */;
}
